
Microsoft Visual Studio Solution File, Format Version 12.00
# Visual Studio Version 17
VisualStudioVersion = 17.3.32819.101
MinimumVisualStudioVersion = 10.0.40219.1
Project("{FAE04EC0-301F-11D3-BF4B-00C04F79EFBC}") = "Web API SQLite", "Web API SQLite\Web API SQLite.csproj", "{CA4EC524-CD91-462B-90C6-ECFDA6D54DCB}"
EndProject
Global
	GlobalSection(SolutionConfigurationPlatforms) = preSolution
		Debug|Any CPU = Debug|Any CPU
		Release|Any CPU = Release|Any CPU
	EndGlobalSection
	GlobalSection(ProjectConfigurationPlatforms) = postSolution
		{CA4EC524-CD91-462B-90C6-ECFDA6D54DCB}.Debug|Any CPU.ActiveCfg = Debug|Any CPU
		{CA4EC524-CD91-462B-90C6-ECFDA6D54DCB}.Debug|Any CPU.Build.0 = Debug|Any CPU
		{CA4EC524-CD91-462B-90C6-ECFDA6D54DCB}.Release|Any CPU.ActiveCfg = Release|Any CPU
		{CA4EC524-CD91-462B-90C6-ECFDA6D54DCB}.Release|Any CPU.Build.0 = Release|Any CPU
	EndGlobalSection
	GlobalSection(SolutionProperties) = preSolution
		HideSolutionNode = FALSE
	EndGlobalSection
	GlobalSection(ExtensibilityGlobals) = postSolution
		SolutionGuid = {6D08414E-A54F-4EB2-B19A-8BCFDD622E10}
	EndGlobalSection
EndGlobal
